
Microsoft Visual Studio Solution File, Format Version 12.00
# Visual Studio 14
VisualStudioVersion = 14.0.25420.1
MinimumVisualStudioVersion = 10.0.40219.1
Project("{FAE04EC0-301F-11D3-BF4B-00C04F79EFBC}") = "MSWeatherDemo", "MSWeatherDemo\MSWeatherDemo\MSWeatherDemo.csproj", "{1904CFC4-6808-405B-869C-9DE33FC06CF2}"
EndProject
Project("{FAE04EC0-301F-11D3-BF4B-00C04F79EFBC}") = "MSWeatherDemo.Droid", "MSWeatherDemo\MSWeatherDemo.Droid\MSWeatherDemo.Droid.csproj", "{AC3DFB4F-017F-4F21-ABC3-2E836FD9C7A7}"
EndProject
Project("{FAE04EC0-301F-11D3-BF4B-00C04F79EFBC}") = "MSWeatherDemo.iOS", "MSWeatherDemo\MSWeatherDemo.iOS\MSWeatherDemo.iOS.csproj", "{BF7E4C28-4919-4B69-9D2B-2DAFC4B21E84}"
EndProject
Project("{FAE04EC0-301F-11D3-BF4B-00C04F79EFBC}") = "MSWeatherDemo.UWP", "MSWeatherDemo\MSWeatherDemo.UWP\MSWeatherDemo.UWP.csproj", "{B44F3514-3F2C-4E7F-8233-0417ACCE2C41}"
EndProject
Global
	GlobalSection(SolutionConfigurationPlatforms) = preSolution
		Ad-Hoc|Any CPU = Ad-Hoc|Any CPU
		Ad-Hoc|ARM = Ad-Hoc|ARM
		Ad-Hoc|iPhone = Ad-Hoc|iPhone
		Ad-Hoc|iPhoneSimulator = Ad-Hoc|iPhoneSimulator
		Ad-Hoc|x64 = Ad-Hoc|x64
		Ad-Hoc|x86 = Ad-Hoc|x86
		AppStore|Any CPU = AppStore|Any CPU
		AppStore|ARM = AppStore|ARM
		AppStore|iPhone = AppStore|iPhone
		AppStore|iPhoneSimulator = AppStore|iPhoneSimulator
		AppStore|x64 = AppStore|x64
		AppStore|x86 = AppStore|x86
		Debug|Any CPU = Debug|Any CPU
		Debug|ARM = Debug|ARM
		Debug|iPhone = Debug|iPhone
		Debug|iPhoneSimulator = Debug|iPhoneSimulator
		Debug|x64 = Debug|x64
		Debug|x86 = Debug|x86
		Release|Any CPU = Release|Any CPU
		Release|ARM = Release|ARM
		Release|iPhone = Release|iPhone
		Release|iPhoneSimulator = Release|iPhoneSimulator
		Release|x64 = Release|x64
		Release|x86 = Release|x86
	EndGlobalSection
	GlobalSection(ProjectConfigurationPlatforms) = postSolution
		{1904CFC4-6808-405B-869C-9DE33FC06CF2}.Ad-Hoc|Any CPU.ActiveCfg = Release|Any CPU
		{1904CFC4-6808-405B-869C-9DE33FC06CF2}.Ad-Hoc|Any CPU.Build.0 = Release|Any CPU
		{1904CFC4-6808-405B-869C-9DE33FC06CF2}.Ad-Hoc|ARM.ActiveCfg = Release|Any CPU
		{1904CFC4-6808-405B-869C-9DE33FC06CF2}.Ad-Hoc|ARM.Build.0 = Release|Any CPU
		{1904CFC4-6808-405B-869C-9DE33FC06CF2}.Ad-Hoc|iPhone.ActiveCfg = Release|Any CPU
		{1904CFC4-6808-405B-869C-9DE33FC06CF2}.Ad-Hoc|iPhone.Build.0 = Release|Any CPU
		{1904CFC4-6808-405B-869C-9DE33FC06CF2}.Ad-Hoc|iPhoneSimulator.ActiveCfg = Release|Any CPU
		{1904CFC4-6808-405B-869C-9DE33FC06CF2}.Ad-Hoc|iPhoneSimulator.Build.0 = Release|Any CPU
		{1904CFC4-6808-405B-869C-9DE33FC06CF2}.Ad-Hoc|x64.ActiveCfg = Release|Any CPU
		{1904CFC4-6808-405B-869C-9DE33FC06CF2}.Ad-Hoc|x64.Build.0 = Release|Any CPU
		{1904CFC4-6808-405B-869C-9DE33FC06CF2}.Ad-Hoc|x86.ActiveCfg = Release|Any CPU
		{1904CFC4-6808-405B-869C-9DE33FC06CF2}.Ad-Hoc|x86.Build.0 = Release|Any CPU
		{1904CFC4-6808-405B-869C-9DE33FC06CF2}.AppStore|Any CPU.ActiveCfg = Release|Any CPU
		{1904CFC4-6808-405B-869C-9DE33FC06CF2}.AppStore|Any CPU.Build.0 = Release|Any CPU
		{1904CFC4-6808-405B-869C-9DE33FC06CF2}.AppStore|ARM.ActiveCfg = Release|Any CPU
		{1904CFC4-6808-405B-869C-9DE33FC06CF2}.AppStore|ARM.Build.0 = Release|Any CPU
		{1904CFC4-6808-405B-869C-9DE33FC06CF2}.AppStore|iPhone.ActiveCfg = Release|Any CPU
		{1904CFC4-6808-405B-869C-9DE33FC06CF2}.AppStore|iPhone.Build.0 = Release|Any CPU
		{1904CFC4-6808-405B-869C-9DE33FC06CF2}.AppStore|iPhoneSimulator.ActiveCfg = Release|Any CPU
		{1904CFC4-6808-405B-869C-9DE33FC06CF2}.AppStore|iPhoneSimulator.Build.0 = Release|Any CPU
		{1904CFC4-6808-405B-869C-9DE33FC06CF2}.AppStore|x64.ActiveCfg = Release|Any CPU
		{1904CFC4-6808-405B-869C-9DE33FC06CF2}.AppStore|x64.Build.0 = Release|Any CPU
		{1904CFC4-6808-405B-869C-9DE33FC06CF2}.AppStore|x86.ActiveCfg = Release|Any CPU
		{1904CFC4-6808-405B-869C-9DE33FC06CF2}.AppStore|x86.Build.0 = Release|Any CPU
		{1904CFC4-6808-405B-869C-9DE33FC06CF2}.Debug|Any CPU.ActiveCfg = Debug|Any CPU
		{1904CFC4-6808-405B-869C-9DE33FC06CF2}.Debug|Any CPU.Build.0 = Debug|Any CPU
		{1904CFC4-6808-405B-869C-9DE33FC06CF2}.Debug|ARM.ActiveCfg = Debug|Any CPU
		{1904CFC4-6808-405B-869C-9DE33FC06CF2}.Debug|ARM.Build.0 = Debug|Any CPU
		{1904CFC4-6808-405B-869C-9DE33FC06CF2}.Debug|iPhone.ActiveCfg = Debug|Any CPU
		{1904CFC4-6808-405B-869C-9DE33FC06CF2}.Debug|iPhone.Build.0 = Debug|Any CPU
		{1904CFC4-6808-405B-869C-9DE33FC06CF2}.Debug|iPhoneSimulator.ActiveCfg = Debug|Any CPU
		{1904CFC4-6808-405B-869C-9DE33FC06CF2}.Debug|iPhoneSimulator.Build.0 = Debug|Any CPU
		{1904CFC4-6808-405B-869C-9DE33FC06CF2}.Debug|x64.ActiveCfg = Debug|Any CPU
		{1904CFC4-6808-405B-869C-9DE33FC06CF2}.Debug|x64.Build.0 = Debug|Any CPU
		{1904CFC4-6808-405B-869C-9DE33FC06CF2}.Debug|x86.ActiveCfg = Debug|Any CPU
		{1904CFC4-6808-405B-869C-9DE33FC06CF2}.Debug|x86.Build.0 = Debug|Any CPU
		{1904CFC4-6808-405B-869C-9DE33FC06CF2}.Release|Any CPU.ActiveCfg = Release|Any CPU
		{1904CFC4-6808-405B-869C-9DE33FC06CF2}.Release|Any CPU.Build.0 = Release|Any CPU
		{1904CFC4-6808-405B-869C-9DE33FC06CF2}.Release|ARM.ActiveCfg = Release|Any CPU
		{1904CFC4-6808-405B-869C-9DE33FC06CF2}.Release|ARM.Build.0 = Release|Any CPU
		{1904CFC4-6808-405B-869C-9DE33FC06CF2}.Release|iPhone.ActiveCfg = Release|Any CPU
		{1904CFC4-6808-405B-869C-9DE33FC06CF2}.Release|iPhone.Build.0 = Release|Any CPU
		{1904CFC4-6808-405B-869C-9DE33FC06CF2}.Release|iPhoneSimulator.ActiveCfg = Release|Any CPU
		{1904CFC4-6808-405B-869C-9DE33FC06CF2}.Release|iPhoneSimulator.Build.0 = Release|Any CPU
		{1904CFC4-6808-405B-869C-9DE33FC06CF2}.Release|x64.ActiveCfg = Release|Any CPU
		{1904CFC4-6808-405B-869C-9DE33FC06CF2}.Release|x64.Build.0 = Release|Any CPU
		{1904CFC4-6808-405B-869C-9DE33FC06CF2}.Release|x86.ActiveCfg = Release|Any CPU
		{1904CFC4-6808-405B-869C-9DE33FC06CF2}.Release|x86.Build.0 = Release|Any CPU
		{AC3DFB4F-017F-4F21-ABC3-2E836FD9C7A7}.Ad-Hoc|Any CPU.ActiveCfg = Release|Any CPU
		{AC3DFB4F-017F-4F21-ABC3-2E836FD9C7A7}.Ad-Hoc|Any CPU.Build.0 = Release|Any CPU
		{AC3DFB4F-017F-4F21-ABC3-2E836FD9C7A7}.Ad-Hoc|Any CPU.Deploy.0 = Release|Any CPU
		{AC3DFB4F-017F-4F21-ABC3-2E836FD9C7A7}.Ad-Hoc|ARM.ActiveCfg = Release|Any CPU
		{AC3DFB4F-017F-4F21-ABC3-2E836FD9C7A7}.Ad-Hoc|ARM.Build.0 = Release|Any CPU
		{AC3DFB4F-017F-4F21-ABC3-2E836FD9C7A7}.Ad-Hoc|ARM.Deploy.0 = Release|Any CPU
		{AC3DFB4F-017F-4F21-ABC3-2E836FD9C7A7}.Ad-Hoc|iPhone.ActiveCfg = Release|Any CPU
		{AC3DFB4F-017F-4F21-ABC3-2E836FD9C7A7}.Ad-Hoc|iPhone.Build.0 = Release|Any CPU
		{AC3DFB4F-017F-4F21-ABC3-2E836FD9C7A7}.Ad-Hoc|iPhone.Deploy.0 = Release|Any CPU
		{AC3DFB4F-017F-4F21-ABC3-2E836FD9C7A7}.Ad-Hoc|iPhoneSimulator.ActiveCfg = Release|Any CPU
		{AC3DFB4F-017F-4F21-ABC3-2E836FD9C7A7}.Ad-Hoc|iPhoneSimulator.Build.0 = Release|Any CPU
		{AC3DFB4F-017F-4F21-ABC3-2E836FD9C7A7}.Ad-Hoc|iPhoneSimulator.Deploy.0 = Release|Any CPU
		{AC3DFB4F-017F-4F21-ABC3-2E836FD9C7A7}.Ad-Hoc|x64.ActiveCfg = Release|Any CPU
		{AC3DFB4F-017F-4F21-ABC3-2E836FD9C7A7}.Ad-Hoc|x64.Build.0 = Release|Any CPU
		{AC3DFB4F-017F-4F21-ABC3-2E836FD9C7A7}.Ad-Hoc|x64.Deploy.0 = Release|Any CPU
		{AC3DFB4F-017F-4F21-ABC3-2E836FD9C7A7}.Ad-Hoc|x86.ActiveCfg = Release|Any CPU
		{AC3DFB4F-017F-4F21-ABC3-2E836FD9C7A7}.Ad-Hoc|x86.Build.0 = Release|Any CPU
		{AC3DFB4F-017F-4F21-ABC3-2E836FD9C7A7}.Ad-Hoc|x86.Deploy.0 = Release|Any CPU
		{AC3DFB4F-017F-4F21-ABC3-2E836FD9C7A7}.AppStore|Any CPU.ActiveCfg = Release|Any CPU
		{AC3DFB4F-017F-4F21-ABC3-2E836FD9C7A7}.AppStore|Any CPU.Build.0 = Release|Any CPU
		{AC3DFB4F-017F-4F21-ABC3-2E836FD9C7A7}.AppStore|Any CPU.Deploy.0 = Release|Any CPU
		{AC3DFB4F-017F-4F21-ABC3-2E836FD9C7A7}.AppStore|ARM.ActiveCfg = Release|Any CPU
		{AC3DFB4F-017F-4F21-ABC3-2E836FD9C7A7}.AppStore|ARM.Build.0 = Release|Any CPU
		{AC3DFB4F-017F-4F21-ABC3-2E836FD9C7A7}.AppStore|ARM.Deploy.0 = Release|Any CPU
		{AC3DFB4F-017F-4F21-ABC3-2E836FD9C7A7}.AppStore|iPhone.ActiveCfg = Release|Any CPU
		{AC3DFB4F-017F-4F21-ABC3-2E836FD9C7A7}.AppStore|iPhone.Build.0 = Release|Any CPU
		{AC3DFB4F-017F-4F21-ABC3-2E836FD9C7A7}.AppStore|iPhone.Deploy.0 = Release|Any CPU
		{AC3DFB4F-017F-4F21-ABC3-2E836FD9C7A7}.AppStore|iPhoneSimulator.ActiveCfg = Release|Any CPU
		{AC3DFB4F-017F-4F21-ABC3-2E836FD9C7A7}.AppStore|iPhoneSimulator.Build.0 = Release|Any CPU
		{AC3DFB4F-017F-4F21-ABC3-2E836FD9C7A7}.AppStore|iPhoneSimulator.Deploy.0 = Release|Any CPU
		{AC3DFB4F-017F-4F21-ABC3-2E836FD9C7A7}.AppStore|x64.ActiveCfg = Release|Any CPU
		{AC3DFB4F-017F-4F21-ABC3-2E836FD9C7A7}.AppStore|x64.Build.0 = Release|Any CPU
		{AC3DFB4F-017F-4F21-ABC3-2E836FD9C7A7}.AppStore|x64.Deploy.0 = Release|Any CPU
		{AC3DFB4F-017F-4F21-ABC3-2E836FD9C7A7}.AppStore|x86.ActiveCfg = Release|Any CPU
		{AC3DFB4F-017F-4F21-ABC3-2E836FD9C7A7}.AppStore|x86.Build.0 = Release|Any CPU
		{AC3DFB4F-017F-4F21-ABC3-2E836FD9C7A7}.AppStore|x86.Deploy.0 = Release|Any CPU
		{AC3DFB4F-017F-4F21-ABC3-2E836FD9C7A7}.Debug|Any CPU.ActiveCfg = Debug|Any CPU
		{AC3DFB4F-017F-4F21-ABC3-2E836FD9C7A7}.Debug|Any CPU.Build.0 = Debug|Any CPU
		{AC3DFB4F-017F-4F21-ABC3-2E836FD9C7A7}.Debug|Any CPU.Deploy.0 = Debug|Any CPU
		{AC3DFB4F-017F-4F21-ABC3-2E836FD9C7A7}.Debug|ARM.ActiveCfg = Debug|Any CPU
		{AC3DFB4F-017F-4F21-ABC3-2E836FD9C7A7}.Debug|ARM.Build.0 = Debug|Any CPU
		{AC3DFB4F-017F-4F21-ABC3-2E836FD9C7A7}.Debug|ARM.Deploy.0 = Debug|Any CPU
		{AC3DFB4F-017F-4F21-ABC3-2E836FD9C7A7}.Debug|iPhone.ActiveCfg = Debug|Any CPU
		{AC3DFB4F-017F-4F21-ABC3-2E836FD9C7A7}.Debug|iPhone.Build.0 = Debug|Any CPU
		{AC3DFB4F-017F-4F21-ABC3-2E836FD9C7A7}.Debug|iPhone.Deploy.0 = Debug|Any CPU
		{AC3DFB4F-017F-4F21-ABC3-2E836FD9C7A7}.Debug|iPhoneSimulator.ActiveCfg = Debug|Any CPU
		{AC3DFB4F-017F-4F21-ABC3-2E836FD9C7A7}.Debug|iPhoneSimulator.Build.0 = Debug|Any CPU
		{AC3DFB4F-017F-4F21-ABC3-2E836FD9C7A7}.Debug|iPhoneSimulator.Deploy.0 = Debug|Any CPU
		{AC3DFB4F-017F-4F21-ABC3-2E836FD9C7A7}.Debug|x64.ActiveCfg = Debug|Any CPU
		{AC3DFB4F-017F-4F21-ABC3-2E836FD9C7A7}.Debug|x64.Build.0 = Debug|Any CPU
		{AC3DFB4F-017F-4F21-ABC3-2E836FD9C7A7}.Debug|x64.Deploy.0 = Debug|Any CPU
		{AC3DFB4F-017F-4F21-ABC3-2E836FD9C7A7}.Debug|x86.ActiveCfg = Debug|Any CPU
		{AC3DFB4F-017F-4F21-ABC3-2E836FD9C7A7}.Debug|x86.Build.0 = Debug|Any CPU
		{AC3DFB4F-017F-4F21-ABC3-2E836FD9C7A7}.Debug|x86.Deploy.0 = Debug|Any CPU
		{AC3DFB4F-017F-4F21-ABC3-2E836FD9C7A7}.Release|Any CPU.ActiveCfg = Release|Any CPU
		{AC3DFB4F-017F-4F21-ABC3-2E836FD9C7A7}.Release|Any CPU.Build.0 = Release|Any CPU
		{AC3DFB4F-017F-4F21-ABC3-2E836FD9C7A7}.Release|Any CPU.Deploy.0 = Release|Any CPU
		{AC3DFB4F-017F-4F21-ABC3-2E836FD9C7A7}.Release|ARM.ActiveCfg = Release|Any CPU
		{AC3DFB4F-017F-4F21-ABC3-2E836FD9C7A7}.Release|ARM.Build.0 = Release|Any CPU
		{AC3DFB4F-017F-4F21-ABC3-2E836FD9C7A7}.Release|ARM.Deploy.0 = Release|Any CPU
		{AC3DFB4F-017F-4F21-ABC3-2E836FD9C7A7}.Release|iPhone.ActiveCfg = Release|Any CPU
		{AC3DFB4F-017F-4F21-ABC3-2E836FD9C7A7}.Release|iPhone.Build.0 = Release|Any CPU
		{AC3DFB4F-017F-4F21-ABC3-2E836FD9C7A7}.Release|iPhone.Deploy.0 = Release|Any CPU
		{AC3DFB4F-017F-4F21-ABC3-2E836FD9C7A7}.Release|iPhoneSimulator.ActiveCfg = Release|Any CPU
		{AC3DFB4F-017F-4F21-ABC3-2E836FD9C7A7}.Release|iPhoneSimulator.Build.0 = Release|Any CPU
		{AC3DFB4F-017F-4F21-ABC3-2E836FD9C7A7}.Release|iPhoneSimulator.Deploy.0 = Release|Any CPU
		{AC3DFB4F-017F-4F21-ABC3-2E836FD9C7A7}.Release|x64.ActiveCfg = Release|Any CPU
		{AC3DFB4F-017F-4F21-ABC3-2E836FD9C7A7}.Release|x64.Build.0 = Release|Any CPU
		{AC3DFB4F-017F-4F21-ABC3-2E836FD9C7A7}.Release|x64.Deploy.0 = Release|Any CPU
		{AC3DFB4F-017F-4F21-ABC3-2E836FD9C7A7}.Release|x86.ActiveCfg = Release|Any CPU
		{AC3DFB4F-017F-4F21-ABC3-2E836FD9C7A7}.Release|x86.Build.0 = Release|Any CPU
		{AC3DFB4F-017F-4F21-ABC3-2E836FD9C7A7}.Release|x86.Deploy.0 = Release|Any CPU
		{BF7E4C28-4919-4B69-9D2B-2DAFC4B21E84}.Ad-Hoc|Any CPU.ActiveCfg = Ad-Hoc|iPhone
		{BF7E4C28-4919-4B69-9D2B-2DAFC4B21E84}.Ad-Hoc|ARM.ActiveCfg = Ad-Hoc|iPhone
		{BF7E4C28-4919-4B69-9D2B-2DAFC4B21E84}.Ad-Hoc|iPhone.ActiveCfg = Ad-Hoc|iPhone
		{BF7E4C28-4919-4B69-9D2B-2DAFC4B21E84}.Ad-Hoc|iPhone.Build.0 = Ad-Hoc|iPhone
		{BF7E4C28-4919-4B69-9D2B-2DAFC4B21E84}.Ad-Hoc|iPhoneSimulator.ActiveCfg = Ad-Hoc|iPhoneSimulator
		{BF7E4C28-4919-4B69-9D2B-2DAFC4B21E84}.Ad-Hoc|iPhoneSimulator.Build.0 = Ad-Hoc|iPhoneSimulator
		{BF7E4C28-4919-4B69-9D2B-2DAFC4B21E84}.Ad-Hoc|x64.ActiveCfg = Ad-Hoc|iPhone
		{BF7E4C28-4919-4B69-9D2B-2DAFC4B21E84}.Ad-Hoc|x86.ActiveCfg = Ad-Hoc|iPhone
		{BF7E4C28-4919-4B69-9D2B-2DAFC4B21E84}.AppStore|Any CPU.ActiveCfg = AppStore|iPhone
		{BF7E4C28-4919-4B69-9D2B-2DAFC4B21E84}.AppStore|ARM.ActiveCfg = AppStore|iPhone
		{BF7E4C28-4919-4B69-9D2B-2DAFC4B21E84}.AppStore|iPhone.ActiveCfg = AppStore|iPhone
		{BF7E4C28-4919-4B69-9D2B-2DAFC4B21E84}.AppStore|iPhone.Build.0 = AppStore|iPhone
		{BF7E4C28-4919-4B69-9D2B-2DAFC4B21E84}.AppStore|iPhoneSimulator.ActiveCfg = AppStore|iPhoneSimulator
		{BF7E4C28-4919-4B69-9D2B-2DAFC4B21E84}.AppStore|iPhoneSimulator.Build.0 = AppStore|iPhoneSimulator
		{BF7E4C28-4919-4B69-9D2B-2DAFC4B21E84}.AppStore|x64.ActiveCfg = AppStore|iPhone
		{BF7E4C28-4919-4B69-9D2B-2DAFC4B21E84}.AppStore|x86.ActiveCfg = AppStore|iPhone
		{BF7E4C28-4919-4B69-9D2B-2DAFC4B21E84}.Debug|Any CPU.ActiveCfg = Debug|iPhone
		{BF7E4C28-4919-4B69-9D2B-2DAFC4B21E84}.Debug|ARM.ActiveCfg = Debug|iPhone
		{BF7E4C28-4919-4B69-9D2B-2DAFC4B21E84}.Debug|iPhone.ActiveCfg = Debug|iPhone
		{BF7E4C28-4919-4B69-9D2B-2DAFC4B21E84}.Debug|iPhone.Build.0 = Debug|iPhone
		{BF7E4C28-4919-4B69-9D2B-2DAFC4B21E84}.Debug|iPhoneSimulator.ActiveCfg = Debug|iPhoneSimulator
		{BF7E4C28-4919-4B69-9D2B-2DAFC4B21E84}.Debug|iPhoneSimulator.Build.0 = Debug|iPhoneSimulator
		{BF7E4C28-4919-4B69-9D2B-2DAFC4B21E84}.Debug|x64.ActiveCfg = Debug|iPhone
		{BF7E4C28-4919-4B69-9D2B-2DAFC4B21E84}.Debug|x86.ActiveCfg = Debug|iPhone
		{BF7E4C28-4919-4B69-9D2B-2DAFC4B21E84}.Release|Any CPU.ActiveCfg = Release|iPhone
		{BF7E4C28-4919-4B69-9D2B-2DAFC4B21E84}.Release|ARM.ActiveCfg = Release|iPhone
		{BF7E4C28-4919-4B69-9D2B-2DAFC4B21E84}.Release|iPhone.ActiveCfg = Release|iPhone
		{BF7E4C28-4919-4B69-9D2B-2DAFC4B21E84}.Release|iPhone.Build.0 = Release|iPhone
		{BF7E4C28-4919-4B69-9D2B-2DAFC4B21E84}.Release|iPhoneSimulator.ActiveCfg = Release|iPhoneSimulator
		{BF7E4C28-4919-4B69-9D2B-2DAFC4B21E84}.Release|iPhoneSimulator.Build.0 = Release|iPhoneSimulator
		{BF7E4C28-4919-4B69-9D2B-2DAFC4B21E84}.Release|x64.ActiveCfg = Release|iPhone
		{BF7E4C28-4919-4B69-9D2B-2DAFC4B21E84}.Release|x86.ActiveCfg = Release|iPhone
		{B44F3514-3F2C-4E7F-8233-0417ACCE2C41}.Ad-Hoc|Any CPU.ActiveCfg = Release|x86
		{B44F3514-3F2C-4E7F-8233-0417ACCE2C41}.Ad-Hoc|Any CPU.Build.0 = Release|x86
		{B44F3514-3F2C-4E7F-8233-0417ACCE2C41}.Ad-Hoc|Any CPU.Deploy.0 = Release|x86
		{B44F3514-3F2C-4E7F-8233-0417ACCE2C41}.Ad-Hoc|ARM.ActiveCfg = Release|ARM
		{B44F3514-3F2C-4E7F-8233-0417ACCE2C41}.Ad-Hoc|ARM.Build.0 = Release|ARM
		{B44F3514-3F2C-4E7F-8233-0417ACCE2C41}.Ad-Hoc|ARM.Deploy.0 = Release|ARM
		{B44F3514-3F2C-4E7F-8233-0417ACCE2C41}.Ad-Hoc|iPhone.ActiveCfg = Release|x86
		{B44F3514-3F2C-4E7F-8233-0417ACCE2C41}.Ad-Hoc|iPhone.Build.0 = Release|x86
		{B44F3514-3F2C-4E7F-8233-0417ACCE2C41}.Ad-Hoc|iPhone.Deploy.0 = Release|x86
		{B44F3514-3F2C-4E7F-8233-0417ACCE2C41}.Ad-Hoc|iPhoneSimulator.ActiveCfg = Release|x86
		{B44F3514-3F2C-4E7F-8233-0417ACCE2C41}.Ad-Hoc|iPhoneSimulator.Build.0 = Release|x86
		{B44F3514-3F2C-4E7F-8233-0417ACCE2C41}.Ad-Hoc|iPhoneSimulator.Deploy.0 = Release|x86
		{B44F3514-3F2C-4E7F-8233-0417ACCE2C41}.Ad-Hoc|x64.ActiveCfg = Release|x64
		{B44F3514-3F2C-4E7F-8233-0417ACCE2C41}.Ad-Hoc|x64.Build.0 = Release|x64
		{B44F3514-3F2C-4E7F-8233-0417ACCE2C41}.Ad-Hoc|x64.Deploy.0 = Release|x64
		{B44F3514-3F2C-4E7F-8233-0417ACCE2C41}.Ad-Hoc|x86.ActiveCfg = Release|x86
		{B44F3514-3F2C-4E7F-8233-0417ACCE2C41}.Ad-Hoc|x86.Build.0 = Release|x86
		{B44F3514-3F2C-4E7F-8233-0417ACCE2C41}.Ad-Hoc|x86.Deploy.0 = Release|x86
		{B44F3514-3F2C-4E7F-8233-0417ACCE2C41}.AppStore|Any CPU.ActiveCfg = Release|x86
		{B44F3514-3F2C-4E7F-8233-0417ACCE2C41}.AppStore|Any CPU.Build.0 = Release|x86
		{B44F3514-3F2C-4E7F-8233-0417ACCE2C41}.AppStore|Any CPU.Deploy.0 = Release|x86
		{B44F3514-3F2C-4E7F-8233-0417ACCE2C41}.AppStore|ARM.ActiveCfg = Release|ARM
		{B44F3514-3F2C-4E7F-8233-0417ACCE2C41}.AppStore|ARM.Build.0 = Release|ARM
		{B44F3514-3F2C-4E7F-8233-0417ACCE2C41}.AppStore|ARM.Deploy.0 = Release|ARM
		{B44F3514-3F2C-4E7F-8233-0417ACCE2C41}.AppStore|iPhone.ActiveCfg = Release|x86
		{B44F3514-3F2C-4E7F-8233-0417ACCE2C41}.AppStore|iPhone.Build.0 = Release|x86
		{B44F3514-3F2C-4E7F-8233-0417ACCE2C41}.AppStore|iPhone.Deploy.0 = Release|x86
		{B44F3514-3F2C-4E7F-8233-0417ACCE2C41}.AppStore|iPhoneSimulator.ActiveCfg = Release|x86
		{B44F3514-3F2C-4E7F-8233-0417ACCE2C41}.AppStore|iPhoneSimulator.Build.0 = Release|x86
		{B44F3514-3F2C-4E7F-8233-0417ACCE2C41}.AppStore|iPhoneSimulator.Deploy.0 = Release|x86
		{B44F3514-3F2C-4E7F-8233-0417ACCE2C41}.AppStore|x64.ActiveCfg = Release|x64
		{B44F3514-3F2C-4E7F-8233-0417ACCE2C41}.AppStore|x64.Build.0 = Release|x64
		{B44F3514-3F2C-4E7F-8233-0417ACCE2C41}.AppStore|x64.Deploy.0 = Release|x64
		{B44F3514-3F2C-4E7F-8233-0417ACCE2C41}.AppStore|x86.ActiveCfg = Release|x86
		{B44F3514-3F2C-4E7F-8233-0417ACCE2C41}.AppStore|x86.Build.0 = Release|x86
		{B44F3514-3F2C-4E7F-8233-0417ACCE2C41}.AppStore|x86.Deploy.0 = Release|x86
		{B44F3514-3F2C-4E7F-8233-0417ACCE2C41}.Debug|Any CPU.ActiveCfg = Debug|x86
		{B44F3514-3F2C-4E7F-8233-0417ACCE2C41}.Debug|ARM.ActiveCfg = Debug|ARM
		{B44F3514-3F2C-4E7F-8233-0417ACCE2C41}.Debug|ARM.Build.0 = Debug|ARM
		{B44F3514-3F2C-4E7F-8233-0417ACCE2C41}.Debug|ARM.Deploy.0 = Debug|ARM
		{B44F3514-3F2C-4E7F-8233-0417ACCE2C41}.Debug|iPhone.ActiveCfg = Debug|x86
		{B44F3514-3F2C-4E7F-8233-0417ACCE2C41}.Debug|iPhoneSimulator.ActiveCfg = Debug|x86
		{B44F3514-3F2C-4E7F-8233-0417ACCE2C41}.Debug|x64.ActiveCfg = Debug|x64
		{B44F3514-3F2C-4E7F-8233-0417ACCE2C41}.Debug|x64.Build.0 = Debug|x64
		{B44F3514-3F2C-4E7F-8233-0417ACCE2C41}.Debug|x64.Deploy.0 = Debug|x64
		{B44F3514-3F2C-4E7F-8233-0417ACCE2C41}.Debug|x86.ActiveCfg = Debug|x86
		{B44F3514-3F2C-4E7F-8233-0417ACCE2C41}.Debug|x86.Build.0 = Debug|x86
		{B44F3514-3F2C-4E7F-8233-0417ACCE2C41}.Debug|x86.Deploy.0 = Debug|x86
		{B44F3514-3F2C-4E7F-8233-0417ACCE2C41}.Release|Any CPU.ActiveCfg = Release|x86
		{B44F3514-3F2C-4E7F-8233-0417ACCE2C41}.Release|ARM.ActiveCfg = Release|ARM
		{B44F3514-3F2C-4E7F-8233-0417ACCE2C41}.Release|ARM.Build.0 = Release|ARM
		{B44F3514-3F2C-4E7F-8233-0417ACCE2C41}.Release|ARM.Deploy.0 = Release|ARM
		{B44F3514-3F2C-4E7F-8233-0417ACCE2C41}.Release|iPhone.ActiveCfg = Release|x86
		{B44F3514-3F2C-4E7F-8233-0417ACCE2C41}.Release|iPhoneSimulator.ActiveCfg = Release|x86
		{B44F3514-3F2C-4E7F-8233-0417ACCE2C41}.Release|x64.ActiveCfg = Release|x64
		{B44F3514-3F2C-4E7F-8233-0417ACCE2C41}.Release|x64.Build.0 = Release|x64
		{B44F3514-3F2C-4E7F-8233-0417ACCE2C41}.Release|x64.Deploy.0 = Release|x64
		{B44F3514-3F2C-4E7F-8233-0417ACCE2C41}.Release|x86.ActiveCfg = Release|x86
		{B44F3514-3F2C-4E7F-8233-0417ACCE2C41}.Release|x86.Build.0 = Release|x86
		{B44F3514-3F2C-4E7F-8233-0417ACCE2C41}.Release|x86.Deploy.0 = Release|x86
	EndGlobalSection
	GlobalSection(SolutionProperties) = preSolution
		HideSolutionNode = FALSE
	EndGlobalSection
EndGlobal
